
Microsoft Visual Studio Solution File, Format Version 12.00
# Visual Studio Version 16
VisualStudioVersion = 16.0.30413.136
MinimumVisualStudioVersion = 10.0.40219.1
Project("{FAE04EC0-301F-11D3-BF4B-00C04F79EFBC}") = "CubeCity", "CubeCity\CubeCity.csproj", "{0E23FC8C-68BE-40A9-BDD2-CC498D323923}"
EndProject
Global
	GlobalSection(SolutionConfigurationPlatforms) = preSolution
		Debug|Any CPU = Debug|Any CPU
		Release|Any CPU = Release|Any CPU
	EndGlobalSection
	GlobalSection(ProjectConfigurationPlatforms) = postSolution
		{0E23FC8C-68BE-40A9-BDD2-CC498D323923}.Debug|Any CPU.ActiveCfg = Debug|Any CPU
		{0E23FC8C-68BE-40A9-BDD2-CC498D323923}.Debug|Any CPU.Build.0 = Debug|Any CPU
		{0E23FC8C-68BE-40A9-BDD2-CC498D323923}.Release|Any CPU.ActiveCfg = Release|Any CPU
		{0E23FC8C-68BE-40A9-BDD2-CC498D323923}.Release|Any CPU.Build.0 = Release|Any CPU
	EndGlobalSection
	GlobalSection(SolutionProperties) = preSolution
		HideSolutionNode = FALSE
	EndGlobalSection
	GlobalSection(ExtensibilityGlobals) = postSolution
		SolutionGuid = {D7BA743F-78AA-486E-96AB-959081006F68}
	EndGlobalSection
EndGlobal
